{
    "_readme": [
        "This file locks the dependencies of your project to a known state",
        "Read more about it at https://getcomposer.org/doc/01-basic-usage.md#composer-lock-the-lock-file",
        "This file is @generated automatically"
    ],
    "content-hash": "1309b93fe044e5825b576e309f86c5f4",
    "packages": [
        {
            "name": "camspiers/porter-stemmer",
            "version": "1.0.0",
            "source": {
                "type": "git",
                "url": "https://github.com/camspiers/porter-stemmer.git",
                "reference": "588088e9aaa6d81d711098cf60af2ef18b1a5798"
            },
            "dist": {
                "type": "zip",
                "url": "https://api.github.com/repos/camspiers/porter-stemmer/zipball/588088e9aaa6d81d711098cf60af2ef18b1a5798",
                "reference": "588088e9aaa6d81d711098cf60af2ef18b1a5798",
                "shasum": ""
            },
            "type": "library",
            "autoload": {
                "classmap": [
                    "src/"
                ]
            },
            "notification-url": "https://packagist.org/downloads/",
            "authors": [
                {
                    "name": "Richard Heyes",
                    "email": "support@rgraph.net"
                }
            ],
            "description": "Porter Stemmer created by Richard Heyes",
            "time": "2013-02-06T21:39:08+00:00"
        },
        {
            "name": "nadar/stemming",
            "version": "1.0.2",
            "source": {
                "type": "git",
                "url": "https://github.com/nadar/stemming.git",
                "reference": "5b774d9486fe53d40aabf80c6925c926b40cf323"
            },
            "dist": {
                "type": "zip",
                "url": "https://api.github.com/repos/nadar/stemming/zipball/5b774d9486fe53d40aabf80c6925c926b40cf323",
                "reference": "5b774d9486fe53d40aabf80c6925c926b40cf323",
                "shasum": ""
            },
            "require-dev": {
                "friendsofphp/php-cs-fixer": "^2.0",
                "phpunit/phpunit": "^6.0"
            },
            "type": "library",
            "autoload": {
                "psr-4": {
                    "Nadar\\Stemming\\": "src/"
                }
            },
            "notification-url": "https://packagist.org/downloads/",
            "license": [
                "MIT"
            ],
            "authors": [
                {
                    "name": "Basil Suter",
                    "homepage": "https://github.com/nadar",
                    "role": "Creator"
                }
            ],
            "description": "Stemming by Language",
            "homepage": "https://github.com/nadar/stemming",
            "keywords": [
                "php",
                "stemmer",
                "stemming"
            ],
            "time": "2017-03-26T14:30:22+00:00"
        },
        {
            "name": "pear/text_languagedetect",
            "version": "v1.0.0",
            "source": {
                "type": "git",
                "url": "https://github.com/pear/Text_LanguageDetect.git",
                "reference": "bb9ff6f4970f686fac59081e916b456021fe7ba6"
            },
            "dist": {
                "type": "zip",
                "url": "https://api.github.com/repos/pear/Text_LanguageDetect/zipball/bb9ff6f4970f686fac59081e916b456021fe7ba6",
                "reference": "bb9ff6f4970f686fac59081e916b456021fe7ba6",
                "shasum": ""
            },
            "require-dev": {
                "phpunit/phpunit": "*"
            },
            "suggest": {
                "ext-mbstring": "May require the mbstring PHP extension"
            },
            "type": "library",
            "autoload": {
                "psr-0": {
                    "Text": "./"
                }
            },
            "notification-url": "https://packagist.org/downloads/",
            "include-path": [
                "./"
            ],
            "license": [
                "BSD-2-Clause"
            ],
            "authors": [
                {
                    "name": "Nicholas Pisarro",
                    "email": "taak@php.net",
                    "role": "Lead"
                }
            ],
            "description": "Identify human languages from text samples",
            "homepage": "http://pear.php.net/package/Text_LanguageDetect",
            "time": "2017-03-02T16:14:08+00:00"
        },
        {
            "name": "sastrawi/sastrawi",
            "version": "v1.2.0",
            "source": {
                "type": "git",
                "url": "https://github.com/sastrawi/sastrawi.git",
                "reference": "31fd4261dd4980cc57447f44d1aec4bd69e2abec"
            },
            "dist": {
                "type": "zip",
                "url": "https://api.github.com/repos/sastrawi/sastrawi/zipball/31fd4261dd4980cc57447f44d1aec4bd69e2abec",
                "reference": "31fd4261dd4980cc57447f44d1aec4bd69e2abec",
                "shasum": ""
            },
            "require": {
                "php": ">=5.3"
            },
            "require-dev": {
                "phpunit/phpunit": "4.8.7",
                "squizlabs/php_codesniffer": "~1.0"
            },
            "type": "library",
            "extra": {
                "branch-alias": {
                    "dev-master": "1.1.x-dev"
                }
            },
            "autoload": {
                "psr-0": {
                    "Sastrawi\\": "src"
                }
            },
            "notification-url": "https://packagist.org/downloads/",
            "license": [
                "MIT"
            ],
            "authors": [
                {
                    "name": "Andy Librian",
                    "email": "andylibrian@gmail.com",
                    "homepage": "http://andylibrian.com",
                    "role": "Lead Developer"
                }
            ],
            "description": "PHP library for stemming Indonesian language (Bahasa Indonesia)",
            "homepage": "https://github.com/sastrawi/sastrawi",
            "keywords": [
                "bahasa",
                "indonesia",
                "indonesian",
                "kata dasar",
                "root word",
                "stem"
            ],
            "time": "2016-10-22T03:19:27+00:00"
        },
        {
            "name": "wamania/php-stemmer",
            "version": "dev-master",
            "source": {
                "type": "git",
                "url": "https://github.com/wamania/php-stemmer.git",
                "reference": "3a75fc7d8d4c6af346a142020a4b16b7d0b74534"
            },
            "dist": {
                "type": "zip",
                "url": "https://api.github.com/repos/wamania/php-stemmer/zipball/3a75fc7d8d4c6af346a142020a4b16b7d0b74534",
                "reference": "3a75fc7d8d4c6af346a142020a4b16b7d0b74534",
                "shasum": ""
            },
            "require": {
                "php": ">=5.3.0"
            },
            "require-dev": {
                "phpunit/phpunit": "^4.8"
            },
            "type": "library",
            "autoload": {
                "psr-4": {
                    "Wamania\\Snowball\\": "src/"
                }
            },
            "notification-url": "https://packagist.org/downloads/",
            "license": [
                "MIT"
            ],
            "authors": [
                {
                    "name": "Wamania",
                    "homepage": "http://wamania.com"
                }
            ],
            "description": "Native PHP5 Stemmer",
            "keywords": [
                "php",
                "porter",
                "stemmer"
            ],
            "time": "2017-01-27 17:18:42"
        }
    ],
    "packages-dev": [],
    "aliases": [],
    "minimum-stability": "stable",
    "stability-flags": {
        "wamania/php-stemmer": 20
    },
    "prefer-stable": false,
    "prefer-lowest": false,
    "platform": [],
    "platform-dev": []
}
